
Microsoft Visual Studio Solution File, Format Version 12.00
# Visual Studio Version 17
VisualStudioVersion = 17.4.33205.214
MinimumVisualStudioVersion = 10.0.40219.1
Project("{9A19103F-16F7-4668-BE54-9A1E7A4F7556}") = "BlazorDemoUI", "BlazorDemoUI\BlazorDemoUI.csproj", "{4D447242-4C8F-4AE2-A1C1-709BBFD3D937}"
EndProject
Project("{FAE04EC0-301F-11D3-BF4B-00C04F79EFBC}") = "DataAccessLibrary", "DataAccessLibrary\DataAccessLibrary.csproj", "{C4DE7487-8B46-4795-BB91-EABE1049E115}"
EndProject
Global
	GlobalSection(SolutionConfigurationPlatforms) = preSolution
		Debug|Any CPU = Debug|Any CPU
		Release|Any CPU = Release|Any CPU
	EndGlobalSection
	GlobalSection(ProjectConfigurationPlatforms) = postSolution
		{4D447242-4C8F-4AE2-A1C1-709BBFD3D937}.Debug|Any CPU.ActiveCfg = Debug|Any CPU
		{4D447242-4C8F-4AE2-A1C1-709BBFD3D937}.Debug|Any CPU.Build.0 = Debug|Any CPU
		{4D447242-4C8F-4AE2-A1C1-709BBFD3D937}.Release|Any CPU.ActiveCfg = Release|Any CPU
		{4D447242-4C8F-4AE2-A1C1-709BBFD3D937}.Release|Any CPU.Build.0 = Release|Any CPU
		{C4DE7487-8B46-4795-BB91-EABE1049E115}.Debug|Any CPU.ActiveCfg = Debug|Any CPU
		{C4DE7487-8B46-4795-BB91-EABE1049E115}.Debug|Any CPU.Build.0 = Debug|Any CPU
		{C4DE7487-8B46-4795-BB91-EABE1049E115}.Release|Any CPU.ActiveCfg = Release|Any CPU
		{C4DE7487-8B46-4795-BB91-EABE1049E115}.Release|Any CPU.Build.0 = Release|Any CPU
	EndGlobalSection
	GlobalSection(SolutionProperties) = preSolution
		HideSolutionNode = FALSE
	EndGlobalSection
	GlobalSection(ExtensibilityGlobals) = postSolution
		SolutionGuid = {7768EFEC-0F43-4E3F-AD97-1D7FED2C8E08}
	EndGlobalSection
EndGlobal
